
Microsoft Visual Studio Solution File, Format Version 12.00
# Visual Studio 14
VisualStudioVersion = 14.0.25420.1
MinimumVisualStudioVersion = 10.0.40219.1
Project("{FAE04EC0-301F-11D3-BF4B-00C04F79EFBC}") = "ItemWebAPI.Mapper.Sc", "ItemWebAPI.Mapper.Sc\ItemWebAPI.Mapper.Sc.csproj", "{B246675E-7EA9-41B9-A4F1-E31D79E4E72F}"
EndProject
Project("{FAE04EC0-301F-11D3-BF4B-00C04F79EFBC}") = "ItemWebAPI.Mapper.Sc.Tests", "ItemWebAPI.Mapper.Sc.Tests\ItemWebAPI.Mapper.Sc.Tests.csproj", "{536CCAAA-A554-4946-BAF0-6017479506AD}"
EndProject
Global
	GlobalSection(SolutionConfigurationPlatforms) = preSolution
		Debug|Any CPU = Debug|Any CPU
		Release|Any CPU = Release|Any CPU
	EndGlobalSection
	GlobalSection(ProjectConfigurationPlatforms) = postSolution
		{B246675E-7EA9-41B9-A4F1-E31D79E4E72F}.Debug|Any CPU.ActiveCfg = Debug|Any CPU
		{B246675E-7EA9-41B9-A4F1-E31D79E4E72F}.Debug|Any CPU.Build.0 = Debug|Any CPU
		{B246675E-7EA9-41B9-A4F1-E31D79E4E72F}.Release|Any CPU.ActiveCfg = Release|Any CPU
		{B246675E-7EA9-41B9-A4F1-E31D79E4E72F}.Release|Any CPU.Build.0 = Release|Any CPU
		{536CCAAA-A554-4946-BAF0-6017479506AD}.Debug|Any CPU.ActiveCfg = Debug|Any CPU
		{536CCAAA-A554-4946-BAF0-6017479506AD}.Debug|Any CPU.Build.0 = Debug|Any CPU
		{536CCAAA-A554-4946-BAF0-6017479506AD}.Release|Any CPU.ActiveCfg = Release|Any CPU
		{536CCAAA-A554-4946-BAF0-6017479506AD}.Release|Any CPU.Build.0 = Release|Any CPU
	EndGlobalSection
	GlobalSection(SolutionProperties) = preSolution
		HideSolutionNode = FALSE
	EndGlobalSection
EndGlobal
